// !$*UTF8*$!
{
	archiveVersion = 1;
	classes = {
	};
	objectVersion = 50;
	objects = {

/* Begin PBXBuildFile section */
		DD3E5977233A6A7F00F4FD0C /* ChildDBTableView.storyboard in Resources */ = {isa = PBXBuildFile; fileRef = DD3E5976233A6A7F00F4FD0C /* ChildDBTableView.storyboard */; };
		DD3E5979233A6BD700F4FD0C /* AdultChildTableView.storyboard in Resources */ = {isa = PBXBuildFile; fileRef = DD3E5978233A6BD700F4FD0C /* AdultChildTableView.storyboard */; };
		DD3E597B233A77AE00F4FD0C /* AdultChoreDetail.storyboard in Resources */ = {isa = PBXBuildFile; fileRef = DD3E597A233A77AE00F4FD0C /* AdultChoreDetail.storyboard */; };
		DD3E597D233A787B00F4FD0C /* AdultChildDetail.storyboard in Resources */ = {isa = PBXBuildFile; fileRef = DD3E597C233A787B00F4FD0C /* AdultChildDetail.storyboard */; };
		DD3E597F233A796F00F4FD0C /* ChildDBPoints.storyboard in Resources */ = {isa = PBXBuildFile; fileRef = DD3E597E233A796F00F4FD0C /* ChildDBPoints.storyboard */; };
		DD3E5981233A79C700F4FD0C /* ChildDBChoreDetail.storyboard in Resources */ = {isa = PBXBuildFile; fileRef = DD3E5980233A79C700F4FD0C /* ChildDBChoreDetail.storyboard */; };
		DD3E5983233A7D3900F4FD0C /* AdultChoreTableVC.swift in Sources */ = {isa = PBXBuildFile; fileRef = DD3E5982233A7D3900F4FD0C /* AdultChoreTableVC.swift */; };
		DD3E5985233A7DC800F4FD0C /* AdultChoreDetailVC.swift in Sources */ = {isa = PBXBuildFile; fileRef = DD3E5984233A7DC800F4FD0C /* AdultChoreDetailVC.swift */; };
		DD3E5987233A7EA300F4FD0C /* AdultChildTableVC.swift in Sources */ = {isa = PBXBuildFile; fileRef = DD3E5986233A7EA300F4FD0C /* AdultChildTableVC.swift */; };
		DD3E5989233A7EF300F4FD0C /* AdultChildDetailVC.swift in Sources */ = {isa = PBXBuildFile; fileRef = DD3E5988233A7EF300F4FD0C /* AdultChildDetailVC.swift */; };
		DD3E598B233A7F6C00F4FD0C /* AdultChoreViewCell.swift in Sources */ = {isa = PBXBuildFile; fileRef = DD3E598A233A7F6C00F4FD0C /* AdultChoreViewCell.swift */; };
		DD3E598D233A7FB900F4FD0C /* AdultChildViewCell.swift in Sources */ = {isa = PBXBuildFile; fileRef = DD3E598C233A7FB900F4FD0C /* AdultChildViewCell.swift */; };
		DD3E598F233A82E700F4FD0C /* ChildTableVC.swift in Sources */ = {isa = PBXBuildFile; fileRef = DD3E598E233A82E700F4FD0C /* ChildTableVC.swift */; };
		DD3E5991233A83D500F4FD0C /* ChildViewCell.swift in Sources */ = {isa = PBXBuildFile; fileRef = DD3E5990233A83D500F4FD0C /* ChildViewCell.swift */; };
		DD3E5993233A846200F4FD0C /* ChildChoreDetailVC.swift in Sources */ = {isa = PBXBuildFile; fileRef = DD3E5992233A846200F4FD0C /* ChildChoreDetailVC.swift */; };
		DD3E5995233A84B400F4FD0C /* ChildPointsVC.swift in Sources */ = {isa = PBXBuildFile; fileRef = DD3E5994233A84B400F4FD0C /* ChildPointsVC.swift */; };
		DD45E4F823397B80005174FD /* Login.storyboard in Resources */ = {isa = PBXBuildFile; fileRef = DD45E4F723397B80005174FD /* Login.storyboard */; };
		DD45E4FA23397C2A005174FD /* LoginViewController.swift in Sources */ = {isa = PBXBuildFile; fileRef = DD45E4F923397C2A005174FD /* LoginViewController.swift */; };
		DDDA2258233ACB6900B5D5A9 /* ColorKey.swift in Sources */ = {isa = PBXBuildFile; fileRef = DDDA2257233ACB6900B5D5A9 /* ColorKey.swift */; };
		E07A5190233A6C0D00C84B26 /* Constants.swift in Sources */ = {isa = PBXBuildFile; fileRef = E07A518F233A6C0D00C84B26 /* Constants.swift */; };
		E07A5192233B13B900C84B26 /* Alert.swift in Sources */ = {isa = PBXBuildFile; fileRef = E07A5191233B13B900C84B26 /* Alert.swift */; };
		E07A5194233B19F700C84B26 /* ErrorHandling.swift in Sources */ = {isa = PBXBuildFile; fileRef = E07A5193233B19F700C84B26 /* ErrorHandling.swift */; };
		E0A7F3962338130E0038E55A /* AppDelegate.swift in Sources */ = {isa = PBXBuildFile; fileRef = E0A7F3952338130E0038E55A /* AppDelegate.swift */; };
		E0A7F3982338130E0038E55A /* ViewController.swift in Sources */ = {isa = PBXBuildFile; fileRef = E0A7F3972338130E0038E55A /* ViewController.swift */; };
		E0A7F39B2338130E0038E55A /* AdultChoreTableView.storyboard in Resources */ = {isa = PBXBuildFile; fileRef = E0A7F3992338130E0038E55A /* AdultChoreTableView.storyboard */; };
		E0A7F39D233813110038E55A /* Assets.xcassets in Resources */ = {isa = PBXBuildFile; fileRef = E0A7F39C233813110038E55A /* Assets.xcassets */; };
		E0A7F3A0233813110038E55A /* LaunchScreen.storyboard in Resources */ = {isa = PBXBuildFile; fileRef = E0A7F39E233813110038E55A /* LaunchScreen.storyboard */; };
		E0A7F3AF233813BD0038E55A /* ChoreTracker.xcdatamodeld in Sources */ = {isa = PBXBuildFile; fileRef = E0A7F3AD233813BD0038E55A /* ChoreTracker.xcdatamodeld */; };
		E0A7F3B1233849AB0038E55A /* UserPreferences.swift in Sources */ = {isa = PBXBuildFile; fileRef = E0A7F3B0233849AB0038E55A /* UserPreferences.swift */; };
		E0A7F3B423384BD40038E55A /* Networking.swift in Sources */ = {isa = PBXBuildFile; fileRef = E0A7F3B223384BD40038E55A /* Networking.swift */; };
		E0A7F3B523384BD40038E55A /* UIImageViewExtension.swift in Sources */ = {isa = PBXBuildFile; fileRef = E0A7F3B323384BD40038E55A /* UIImageViewExtension.swift */; };
		E0A7F3B723396C5F0038E55A /* UserRepresentation.swift in Sources */ = {isa = PBXBuildFile; fileRef = E0A7F3B623396C5F0038E55A /* UserRepresentation.swift */; };
		E0A7F3B923396C7C0038E55A /* SettingsRepresentation.swift in Sources */ = {isa = PBXBuildFile; fileRef = E0A7F3B823396C7C0038E55A /* SettingsRepresentation.swift */; };
		E0A7F3BB23396C980038E55A /* PointsRepresentation.swift in Sources */ = {isa = PBXBuildFile; fileRef = E0A7F3BA23396C980038E55A /* PointsRepresentation.swift */; };
		E0A7F3BD23396CC40038E55A /* ChoreTemplateRepresentation.swift in Sources */ = {isa = PBXBuildFile; fileRef = E0A7F3BC23396CC40038E55A /* ChoreTemplateRepresentation.swift */; };
		E0A7F3BF23396CF50038E55A /* ChoreRepresentation.swift in Sources */ = {isa = PBXBuildFile; fileRef = E0A7F3BE23396CF50038E55A /* ChoreRepresentation.swift */; };
		E0A7F3C123396D6D0038E55A /* User+Convenience.swift in Sources */ = {isa = PBXBuildFile; fileRef = E0A7F3C023396D6D0038E55A /* User+Convenience.swift */; };
		E0A7F3C323396D810038E55A /* Settings+Convenience.swift in Sources */ = {isa = PBXBuildFile; fileRef = E0A7F3C223396D810038E55A /* Settings+Convenience.swift */; };
		E0A7F3C523396D970038E55A /* Points+Convenience.swift in Sources */ = {isa = PBXBuildFile; fileRef = E0A7F3C423396D970038E55A /* Points+Convenience.swift */; };
		E0A7F3C723396DAB0038E55A /* ChoreTemplate+Convenience.swift in Sources */ = {isa = PBXBuildFile; fileRef = E0A7F3C623396DAB0038E55A /* ChoreTemplate+Convenience.swift */; };
		E0A7F3C923396DC60038E55A /* Chore+Convenience.swift in Sources */ = {isa = PBXBuildFile; fileRef = E0A7F3C823396DC60038E55A /* Chore+Convenience.swift */; };
		E0A7F3CB23396DF10038E55A /* CoreDataStack.swift in Sources */ = {isa = PBXBuildFile; fileRef = E0A7F3CA23396DF10038E55A /* CoreDataStack.swift */; };
		E0A7F3CE23396E710038E55A /* UserController.swift in Sources */ = {isa = PBXBuildFile; fileRef = E0A7F3CD23396E710038E55A /* UserController.swift */; };
		E0A7F3D023396E8E0038E55A /* SettingsController.swift in Sources */ = {isa = PBXBuildFile; fileRef = E0A7F3CF23396E8E0038E55A /* SettingsController.swift */; };
		E0A7F3D223396EA40038E55A /* PointsController.swift in Sources */ = {isa = PBXBuildFile; fileRef = E0A7F3D123396EA40038E55A /* PointsController.swift */; };
		E0A7F3D423396EC50038E55A /* ChoreTemplateController.swift in Sources */ = {isa = PBXBuildFile; fileRef = E0A7F3D323396EC50038E55A /* ChoreTemplateController.swift */; };
		E0A7F3D623396EDB0038E55A /* ChoreController.swift in Sources */ = {isa = PBXBuildFile; fileRef = E0A7F3D523396EDB0038E55A /* ChoreController.swift */; };
		E0A7F3D823399AFC0038E55A /* Date.swift in Sources */ = {isa = PBXBuildFile; fileRef = E0A7F3D723399AFC0038E55A /* Date.swift */; };
/* End PBXBuildFile section */

/* Begin PBXFileReference section */
		DD3E5976233A6A7F00F4FD0C /* ChildDBTableView.storyboard */ = {isa = PBXFileReference; fileEncoding = 4; lastKnownFileType = file.storyboard; path = ChildDBTableView.storyboard; sourceTree = "<group>"; };
		DD3E5978233A6BD700F4FD0C /* AdultChildTableView.storyboard */ = {isa = PBXFileReference; fileEncoding = 4; lastKnownFileType = file.storyboard; path = AdultChildTableView.storyboard; sourceTree = "<group>"; };
		DD3E597A233A77AE00F4FD0C /* AdultChoreDetail.storyboard */ = {isa = PBXFileReference; fileEncoding = 4; lastKnownFileType = file.storyboard; path = AdultChoreDetail.storyboard; sourceTree = "<group>"; };
		DD3E597C233A787B00F4FD0C /* AdultChildDetail.storyboard */ = {isa = PBXFileReference; fileEncoding = 4; lastKnownFileType = file.storyboard; path = AdultChildDetail.storyboard; sourceTree = "<group>"; };
		DD3E597E233A796F00F4FD0C /* ChildDBPoints.storyboard */ = {isa = PBXFileReference; fileEncoding = 4; lastKnownFileType = file.storyboard; path = ChildDBPoints.storyboard; sourceTree = "<group>"; };
		DD3E5980233A79C700F4FD0C /* ChildDBChoreDetail.storyboard */ = {isa = PBXFileReference; fileEncoding = 4; lastKnownFileType = file.storyboard; path = ChildDBChoreDetail.storyboard; sourceTree = "<group>"; };
		DD3E5982233A7D3900F4FD0C /* AdultChoreTableVC.swift */ = {isa = PBXFileReference; lastKnownFileType = sourcecode.swift; path = AdultChoreTableVC.swift; sourceTree = "<group>"; };
		DD3E5984233A7DC800F4FD0C /* AdultChoreDetailVC.swift */ = {isa = PBXFileReference; lastKnownFileType = sourcecode.swift; path = AdultChoreDetailVC.swift; sourceTree = "<group>"; };
		DD3E5986233A7EA300F4FD0C /* AdultChildTableVC.swift */ = {isa = PBXFileReference; lastKnownFileType = sourcecode.swift; path = AdultChildTableVC.swift; sourceTree = "<group>"; };
		DD3E5988233A7EF300F4FD0C /* AdultChildDetailVC.swift */ = {isa = PBXFileReference; lastKnownFileType = sourcecode.swift; path = AdultChildDetailVC.swift; sourceTree = "<group>"; };
		DD3E598A233A7F6C00F4FD0C /* AdultChoreViewCell.swift */ = {isa = PBXFileReference; lastKnownFileType = sourcecode.swift; path = AdultChoreViewCell.swift; sourceTree = "<group>"; };
		DD3E598C233A7FB900F4FD0C /* AdultChildViewCell.swift */ = {isa = PBXFileReference; lastKnownFileType = sourcecode.swift; path = AdultChildViewCell.swift; sourceTree = "<group>"; };
		DD3E598E233A82E700F4FD0C /* ChildTableVC.swift */ = {isa = PBXFileReference; lastKnownFileType = sourcecode.swift; path = ChildTableVC.swift; sourceTree = "<group>"; };
		DD3E5990233A83D500F4FD0C /* ChildViewCell.swift */ = {isa = PBXFileReference; lastKnownFileType = sourcecode.swift; path = ChildViewCell.swift; sourceTree = "<group>"; };
		DD3E5992233A846200F4FD0C /* ChildChoreDetailVC.swift */ = {isa = PBXFileReference; lastKnownFileType = sourcecode.swift; path = ChildChoreDetailVC.swift; sourceTree = "<group>"; };
		DD3E5994233A84B400F4FD0C /* ChildPointsVC.swift */ = {isa = PBXFileReference; lastKnownFileType = sourcecode.swift; path = ChildPointsVC.swift; sourceTree = "<group>"; };
		DD45E4F723397B80005174FD /* Login.storyboard */ = {isa = PBXFileReference; lastKnownFileType = file.storyboard; path = Login.storyboard; sourceTree = "<group>"; };
		DD45E4F923397C2A005174FD /* LoginViewController.swift */ = {isa = PBXFileReference; lastKnownFileType = sourcecode.swift; path = LoginViewController.swift; sourceTree = "<group>"; };
		DDDA2257233ACB6900B5D5A9 /* ColorKey.swift */ = {isa = PBXFileReference; lastKnownFileType = sourcecode.swift; path = ColorKey.swift; sourceTree = "<group>"; };
		E07A518F233A6C0D00C84B26 /* Constants.swift */ = {isa = PBXFileReference; fileEncoding = 4; lastKnownFileType = sourcecode.swift; path = Constants.swift; sourceTree = "<group>"; };
		E07A5191233B13B900C84B26 /* Alert.swift */ = {isa = PBXFileReference; lastKnownFileType = sourcecode.swift; path = Alert.swift; sourceTree = "<group>"; };
		E07A5193233B19F700C84B26 /* ErrorHandling.swift */ = {isa = PBXFileReference; lastKnownFileType = sourcecode.swift; path = ErrorHandling.swift; sourceTree = "<group>"; };
		E0A7F3922338130E0038E55A /* ChoreTracker.app */ = {isa = PBXFileReference; explicitFileType = wrapper.application; includeInIndex = 0; path = ChoreTracker.app; sourceTree = BUILT_PRODUCTS_DIR; };
		E0A7F3952338130E0038E55A /* AppDelegate.swift */ = {isa = PBXFileReference; lastKnownFileType = sourcecode.swift; path = AppDelegate.swift; sourceTree = "<group>"; };
		E0A7F3972338130E0038E55A /* ViewController.swift */ = {isa = PBXFileReference; lastKnownFileType = sourcecode.swift; path = ViewController.swift; sourceTree = "<group>"; };
		E0A7F39A2338130E0038E55A /* Base */ = {isa = PBXFileReference; lastKnownFileType = file.storyboard; name = Base; path = Base.lproj/AdultChoreTableView.storyboard; sourceTree = "<group>"; };
		E0A7F39C233813110038E55A /* Assets.xcassets */ = {isa = PBXFileReference; lastKnownFileType = folder.assetcatalog; path = Assets.xcassets; sourceTree = "<group>"; };
		E0A7F39F233813110038E55A /* Base */ = {isa = PBXFileReference; lastKnownFileType = file.storyboard; name = Base; path = Base.lproj/LaunchScreen.storyboard; sourceTree = "<group>"; };
		E0A7F3A1233813110038E55A /* Info.plist */ = {isa = PBXFileReference; lastKnownFileType = text.plist.xml; path = Info.plist; sourceTree = "<group>"; };
		E0A7F3AE233813BD0038E55A /* ChoreTracker.xcdatamodel */ = {isa = PBXFileReference; lastKnownFileType = wrapper.xcdatamodel; path = ChoreTracker.xcdatamodel; sourceTree = "<group>"; };
		E0A7F3B0233849AB0038E55A /* UserPreferences.swift */ = {isa = PBXFileReference; lastKnownFileType = sourcecode.swift; path = UserPreferences.swift; sourceTree = "<group>"; };
		E0A7F3B223384BD40038E55A /* Networking.swift */ = {isa = PBXFileReference; fileEncoding = 4; lastKnownFileType = sourcecode.swift; path = Networking.swift; sourceTree = "<group>"; };
		E0A7F3B323384BD40038E55A /* UIImageViewExtension.swift */ = {isa = PBXFileReference; fileEncoding = 4; lastKnownFileType = sourcecode.swift; path = UIImageViewExtension.swift; sourceTree = "<group>"; };
		E0A7F3B623396C5F0038E55A /* UserRepresentation.swift */ = {isa = PBXFileReference; lastKnownFileType = sourcecode.swift; path = UserRepresentation.swift; sourceTree = "<group>"; };
		E0A7F3B823396C7C0038E55A /* SettingsRepresentation.swift */ = {isa = PBXFileReference; lastKnownFileType = sourcecode.swift; path = SettingsRepresentation.swift; sourceTree = "<group>"; };
		E0A7F3BA23396C980038E55A /* PointsRepresentation.swift */ = {isa = PBXFileReference; lastKnownFileType = sourcecode.swift; path = PointsRepresentation.swift; sourceTree = "<group>"; };
		E0A7F3BC23396CC40038E55A /* ChoreTemplateRepresentation.swift */ = {isa = PBXFileReference; lastKnownFileType = sourcecode.swift; path = ChoreTemplateRepresentation.swift; sourceTree = "<group>"; };
		E0A7F3BE23396CF50038E55A /* ChoreRepresentation.swift */ = {isa = PBXFileReference; lastKnownFileType = sourcecode.swift; path = ChoreRepresentation.swift; sourceTree = "<group>"; };
		E0A7F3C023396D6D0038E55A /* User+Convenience.swift */ = {isa = PBXFileReference; lastKnownFileType = sourcecode.swift; path = "User+Convenience.swift"; sourceTree = "<group>"; };
		E0A7F3C223396D810038E55A /* Settings+Convenience.swift */ = {isa = PBXFileReference; lastKnownFileType = sourcecode.swift; path = "Settings+Convenience.swift"; sourceTree = "<group>"; };
		E0A7F3C423396D970038E55A /* Points+Convenience.swift */ = {isa = PBXFileReference; lastKnownFileType = sourcecode.swift; path = "Points+Convenience.swift"; sourceTree = "<group>"; };
		E0A7F3C623396DAB0038E55A /* ChoreTemplate+Convenience.swift */ = {isa = PBXFileReference; lastKnownFileType = sourcecode.swift; path = "ChoreTemplate+Convenience.swift"; sourceTree = "<group>"; };
		E0A7F3C823396DC60038E55A /* Chore+Convenience.swift */ = {isa = PBXFileReference; lastKnownFileType = sourcecode.swift; path = "Chore+Convenience.swift"; sourceTree = "<group>"; };
		E0A7F3CA23396DF10038E55A /* CoreDataStack.swift */ = {isa = PBXFileReference; lastKnownFileType = sourcecode.swift; path = CoreDataStack.swift; sourceTree = "<group>"; };
		E0A7F3CD23396E710038E55A /* UserController.swift */ = {isa = PBXFileReference; lastKnownFileType = sourcecode.swift; path = UserController.swift; sourceTree = "<group>"; };
		E0A7F3CF23396E8E0038E55A /* SettingsController.swift */ = {isa = PBXFileReference; lastKnownFileType = sourcecode.swift; path = SettingsController.swift; sourceTree = "<group>"; };
		E0A7F3D123396EA40038E55A /* PointsController.swift */ = {isa = PBXFileReference; lastKnownFileType = sourcecode.swift; path = PointsController.swift; sourceTree = "<group>"; };
		E0A7F3D323396EC50038E55A /* ChoreTemplateController.swift */ = {isa = PBXFileReference; lastKnownFileType = sourcecode.swift; path = ChoreTemplateController.swift; sourceTree = "<group>"; };
		E0A7F3D523396EDB0038E55A /* ChoreController.swift */ = {isa = PBXFileReference; lastKnownFileType = sourcecode.swift; path = ChoreController.swift; sourceTree = "<group>"; };
		E0A7F3D723399AFC0038E55A /* Date.swift */ = {isa = PBXFileReference; lastKnownFileType = sourcecode.swift; path = Date.swift; sourceTree = "<group>"; };
/* End PBXFileReference section */

/* Begin PBXFrameworksBuildPhase section */
		E0A7F38F2338130E0038E55A /* Frameworks */ = {
			isa = PBXFrameworksBuildPhase;
			buildActionMask = 2147483647;
			files = (
			);
			runOnlyForDeploymentPostprocessing = 0;
		};
/* End PBXFrameworksBuildPhase section */

/* Begin PBXGroup section */
		E0A7F3892338130E0038E55A = {
			isa = PBXGroup;
			children = (
				DDDA2257233ACB6900B5D5A9 /* ColorKey.swift */,
				E0A7F3942338130E0038E55A /* ChoreTracker */,
				E0A7F3932338130E0038E55A /* Products */,
			);
			sourceTree = "<group>";
		};
		E0A7F3932338130E0038E55A /* Products */ = {
			isa = PBXGroup;
			children = (
				E0A7F3922338130E0038E55A /* ChoreTracker.app */,
			);
			name = Products;
			sourceTree = "<group>";
		};
		E0A7F3942338130E0038E55A /* ChoreTracker */ = {
			isa = PBXGroup;
			children = (
				E0A7F3CC23396E1F0038E55A /* Convenience */,
				E0A7F3A8233813330038E55A /* Model Controllers */,
				E0A7F3A72338132D0038E55A /* Models */,
				E0A7F3A92338134E0038E55A /* Resources */,
				E0A7F3AC2338138A0038E55A /* Storyboards */,
				E0A7F3AB2338136D0038E55A /* View Controllers */,
				E0A7F3AA233813660038E55A /* Views */,
			);
			path = ChoreTracker;
			sourceTree = "<group>";
		};
		E0A7F3A72338132D0038E55A /* Models */ = {
			isa = PBXGroup;
			children = (
				E0A7F3AD233813BD0038E55A /* ChoreTracker.xcdatamodeld */,
				E0A7F3B623396C5F0038E55A /* UserRepresentation.swift */,
				E0A7F3B823396C7C0038E55A /* SettingsRepresentation.swift */,
				E0A7F3BA23396C980038E55A /* PointsRepresentation.swift */,
				E0A7F3BC23396CC40038E55A /* ChoreTemplateRepresentation.swift */,
				E0A7F3BE23396CF50038E55A /* ChoreRepresentation.swift */,
			);
			path = Models;
			sourceTree = "<group>";
		};
		E0A7F3A8233813330038E55A /* Model Controllers */ = {
			isa = PBXGroup;
			children = (
				E0A7F3B0233849AB0038E55A /* UserPreferences.swift */,
				E0A7F3CA23396DF10038E55A /* CoreDataStack.swift */,
				E0A7F3CD23396E710038E55A /* UserController.swift */,
				E0A7F3CF23396E8E0038E55A /* SettingsController.swift */,
				E0A7F3D123396EA40038E55A /* PointsController.swift */,
				E0A7F3D323396EC50038E55A /* ChoreTemplateController.swift */,
				E0A7F3D523396EDB0038E55A /* ChoreController.swift */,
			);
			path = "Model Controllers";
			sourceTree = "<group>";
		};
		E0A7F3A92338134E0038E55A /* Resources */ = {
			isa = PBXGroup;
			children = (
				E07A518F233A6C0D00C84B26 /* Constants.swift */,
				E0A7F3B223384BD40038E55A /* Networking.swift */,
				E0A7F3B323384BD40038E55A /* UIImageViewExtension.swift */,
				E0A7F3952338130E0038E55A /* AppDelegate.swift */,
				E0A7F39C233813110038E55A /* Assets.xcassets */,
				E0A7F3A1233813110038E55A /* Info.plist */,
				E07A5191233B13B900C84B26 /* Alert.swift */,
				E07A5193233B19F700C84B26 /* ErrorHandling.swift */,
			);
			path = Resources;
			sourceTree = "<group>";
		};
		E0A7F3AA233813660038E55A /* Views */ = {
			isa = PBXGroup;
			children = (
				DD3E5990233A83D500F4FD0C /* ChildViewCell.swift */,
				DD3E598C233A7FB900F4FD0C /* AdultChildViewCell.swift */,
				DD3E598A233A7F6C00F4FD0C /* AdultChoreViewCell.swift */,
			);
			path = Views;
			sourceTree = "<group>";
		};
		E0A7F3AB2338136D0038E55A /* View Controllers */ = {
			isa = PBXGroup;
			children = (
				DD45E4F923397C2A005174FD /* LoginViewController.swift */,
				E0A7F3972338130E0038E55A /* ViewController.swift */,
				DD3E5982233A7D3900F4FD0C /* AdultChoreTableVC.swift */,
				DD3E5984233A7DC800F4FD0C /* AdultChoreDetailVC.swift */,
				DD3E5986233A7EA300F4FD0C /* AdultChildTableVC.swift */,
				DD3E5988233A7EF300F4FD0C /* AdultChildDetailVC.swift */,
				DD3E598E233A82E700F4FD0C /* ChildTableVC.swift */,
				DD3E5992233A846200F4FD0C /* ChildChoreDetailVC.swift */,
				DD3E5994233A84B400F4FD0C /* ChildPointsVC.swift */,
			);
			path = "View Controllers";
			sourceTree = "<group>";
		};
		E0A7F3AC2338138A0038E55A /* Storyboards */ = {
			isa = PBXGroup;
			children = (
				DD45E4F723397B80005174FD /* Login.storyboard */,
				E0A7F3992338130E0038E55A /* AdultChoreTableView.storyboard */,
				DD3E5978233A6BD700F4FD0C /* AdultChildTableView.storyboard */,
				DD3E597A233A77AE00F4FD0C /* AdultChoreDetail.storyboard */,
				DD3E597C233A787B00F4FD0C /* AdultChildDetail.storyboard */,
				DD3E5976233A6A7F00F4FD0C /* ChildDBTableView.storyboard */,
				DD3E5980233A79C700F4FD0C /* ChildDBChoreDetail.storyboard */,
				DD3E597E233A796F00F4FD0C /* ChildDBPoints.storyboard */,
				E0A7F39E233813110038E55A /* LaunchScreen.storyboard */,
			);
			path = Storyboards;
			sourceTree = "<group>";
		};
		E0A7F3CC23396E1F0038E55A /* Convenience */ = {
			isa = PBXGroup;
			children = (
				E0A7F3C023396D6D0038E55A /* User+Convenience.swift */,
				E0A7F3C223396D810038E55A /* Settings+Convenience.swift */,
				E0A7F3C423396D970038E55A /* Points+Convenience.swift */,
				E0A7F3C623396DAB0038E55A /* ChoreTemplate+Convenience.swift */,
				E0A7F3C823396DC60038E55A /* Chore+Convenience.swift */,
				E0A7F3D723399AFC0038E55A /* Date.swift */,
			);
			path = Convenience;
			sourceTree = "<group>";
		};
/* End PBXGroup section */

/* Begin PBXNativeTarget section */
		E0A7F3912338130E0038E55A /* ChoreTracker */ = {
			isa = PBXNativeTarget;
			buildConfigurationList = E0A7F3A4233813110038E55A /* Build configuration list for PBXNativeTarget "ChoreTracker" */;
			buildPhases = (
				E0A7F38E2338130E0038E55A /* Sources */,
				E0A7F38F2338130E0038E55A /* Frameworks */,
				E0A7F3902338130E0038E55A /* Resources */,
			);
			buildRules = (
			);
			dependencies = (
			);
			name = ChoreTracker;
			productName = ChoreTracker;
			productReference = E0A7F3922338130E0038E55A /* ChoreTracker.app */;
			productType = "com.apple.product-type.application";
		};
/* End PBXNativeTarget section */

/* Begin PBXProject section */
		E0A7F38A2338130E0038E55A /* Project object */ = {
			isa = PBXProject;
			attributes = {
				LastSwiftUpdateCheck = 1010;
				LastUpgradeCheck = 1010;
				ORGANIZATIONNAME = Lambda;
				TargetAttributes = {
					E0A7F3912338130E0038E55A = {
						CreatedOnToolsVersion = 10.1;
					};
				};
			};
			buildConfigurationList = E0A7F38D2338130E0038E55A /* Build configuration list for PBXProject "ChoreTracker" */;
			compatibilityVersion = "Xcode 9.3";
			developmentRegion = en;
			hasScannedForEncodings = 0;
			knownRegions = (
				en,
				Base,
			);
			mainGroup = E0A7F3892338130E0038E55A;
			productRefGroup = E0A7F3932338130E0038E55A /* Products */;
			projectDirPath = "";
			projectRoot = "";
			targets = (
				E0A7F3912338130E0038E55A /* ChoreTracker */,
			);
		};
/* End PBXProject section */

/* Begin PBXResourcesBuildPhase section */
		E0A7F3902338130E0038E55A /* Resources */ = {
			isa = PBXResourcesBuildPhase;
			buildActionMask = 2147483647;
			files = (
				DD3E5981233A79C700F4FD0C /* ChildDBChoreDetail.storyboard in Resources */,
				DD3E597F233A796F00F4FD0C /* ChildDBPoints.storyboard in Resources */,
				DD45E4F823397B80005174FD /* Login.storyboard in Resources */,
				DD3E5977233A6A7F00F4FD0C /* ChildDBTableView.storyboard in Resources */,
				DD3E5979233A6BD700F4FD0C /* AdultChildTableView.storyboard in Resources */,
				E0A7F3A0233813110038E55A /* LaunchScreen.storyboard in Resources */,
				E0A7F39D233813110038E55A /* Assets.xcassets in Resources */,
				DD3E597D233A787B00F4FD0C /* AdultChildDetail.storyboard in Resources */,
				E0A7F39B2338130E0038E55A /* AdultChoreTableView.storyboard in Resources */,
				DD3E597B233A77AE00F4FD0C /* AdultChoreDetail.storyboard in Resources */,
			);
			runOnlyForDeploymentPostprocessing = 0;
		};
/* End PBXResourcesBuildPhase section */

/* Begin PBXSourcesBuildPhase section */
		E0A7F38E2338130E0038E55A /* Sources */ = {
			isa = PBXSourcesBuildPhase;
			buildActionMask = 2147483647;
			files = (
				DD3E5985233A7DC800F4FD0C /* AdultChoreDetailVC.swift in Sources */,
				DD3E5987233A7EA300F4FD0C /* AdultChildTableVC.swift in Sources */,
				DD3E5983233A7D3900F4FD0C /* AdultChoreTableVC.swift in Sources */,
				DD45E4FA23397C2A005174FD /* LoginViewController.swift in Sources */,
				DD3E5993233A846200F4FD0C /* ChildChoreDetailVC.swift in Sources */,
				DDDA2258233ACB6900B5D5A9 /* ColorKey.swift in Sources */,
				E0A7F3D823399AFC0038E55A /* Date.swift in Sources */,
				E07A5194233B19F700C84B26 /* ErrorHandling.swift in Sources */,
				E0A7F3CE23396E710038E55A /* UserController.swift in Sources */,
				E0A7F3BD23396CC40038E55A /* ChoreTemplateRepresentation.swift in Sources */,
				E0A7F3AF233813BD0038E55A /* ChoreTracker.xcdatamodeld in Sources */,
				E0A7F3B723396C5F0038E55A /* UserRepresentation.swift in Sources */,
				E0A7F3B423384BD40038E55A /* Networking.swift in Sources */,
				E0A7F3B923396C7C0038E55A /* SettingsRepresentation.swift in Sources */,
				DD3E598F233A82E700F4FD0C /* ChildTableVC.swift in Sources */,
				E0A7F3B523384BD40038E55A /* UIImageViewExtension.swift in Sources */,
				E0A7F3B1233849AB0038E55A /* UserPreferences.swift in Sources */,
				E0A7F3BB23396C980038E55A /* PointsRepresentation.swift in Sources */,
				E0A7F3C123396D6D0038E55A /* User+Convenience.swift in Sources */,
				E0A7F3D223396EA40038E55A /* PointsController.swift in Sources */,
				DD3E598D233A7FB900F4FD0C /* AdultChildViewCell.swift in Sources */,
				E0A7F3982338130E0038E55A /* ViewController.swift in Sources */,
				DD3E598B233A7F6C00F4FD0C /* AdultChoreViewCell.swift in Sources */,
				E07A5192233B13B900C84B26 /* Alert.swift in Sources */,
				E0A7F3C323396D810038E55A /* Settings+Convenience.swift in Sources */,
				E0A7F3D423396EC50038E55A /* ChoreTemplateController.swift in Sources */,
				E0A7F3C923396DC60038E55A /* Chore+Convenience.swift in Sources */,
				E0A7F3CB23396DF10038E55A /* CoreDataStack.swift in Sources */,
				E0A7F3BF23396CF50038E55A /* ChoreRepresentation.swift in Sources */,
				E0A7F3D023396E8E0038E55A /* SettingsController.swift in Sources */,
				E0A7F3C523396D970038E55A /* Points+Convenience.swift in Sources */,
				E0A7F3D623396EDB0038E55A /* ChoreController.swift in Sources */,
				E0A7F3962338130E0038E55A /* AppDelegate.swift in Sources */,
				E0A7F3C723396DAB0038E55A /* ChoreTemplate+Convenience.swift in Sources */,
				E07A5190233A6C0D00C84B26 /* Constants.swift in Sources */,
				DD3E5995233A84B400F4FD0C /* ChildPointsVC.swift in Sources */,
				DD3E5989233A7EF300F4FD0C /* AdultChildDetailVC.swift in Sources */,
				DD3E5991233A83D500F4FD0C /* ChildViewCell.swift in Sources */,
			);
			runOnlyForDeploymentPostprocessing = 0;
		};
/* End PBXSourcesBuildPhase section */

/* Begin PBXVariantGroup section */
		E0A7F3992338130E0038E55A /* AdultChoreTableView.storyboard */ = {
			isa = PBXVariantGroup;
			children = (
				E0A7F39A2338130E0038E55A /* Base */,
			);
			name = AdultChoreTableView.storyboard;
			sourceTree = "<group>";
		};
		E0A7F39E233813110038E55A /* LaunchScreen.storyboard */ = {
			isa = PBXVariantGroup;
			children = (
				E0A7F39F233813110038E55A /* Base */,
			);
			name = LaunchScreen.storyboard;
			sourceTree = "<group>";
		};
/* End PBXVariantGroup section */

/* Begin XCBuildConfiguration section */
		E0A7F3A2233813110038E55A /* Debug */ = {
			isa = XCBuildConfiguration;
			buildSettings = {
				ALWAYS_SEARCH_USER_PATHS = NO;
				CLANG_ANALYZER_NONNULL = YES;
				CLANG_ANALYZER_NUMBER_OBJECT_CONVERSION = YES_AGGRESSIVE;
				CLANG_CXX_LANGUAGE_STANDARD = "gnu++14";
				CLANG_CXX_LIBRARY = "libc++";
				CLANG_ENABLE_MODULES = YES;
				CLANG_ENABLE_OBJC_ARC = YES;
				CLANG_ENABLE_OBJC_WEAK = YES;
				CLANG_WARN_BLOCK_CAPTURE_AUTORELEASING = YES;
				CLANG_WARN_BOOL_CONVERSION = YES;
				CLANG_WARN_COMMA = YES;
				CLANG_WARN_CONSTANT_CONVERSION = YES;
				CLANG_WARN_DEPRECATED_OBJC_IMPLEMENTATIONS = YES;
				CLANG_WARN_DIRECT_OBJC_ISA_USAGE = YES_ERROR;
				CLANG_WARN_DOCUMENTATION_COMMENTS = YES;
				CLANG_WARN_EMPTY_BODY = YES;
				CLANG_WARN_ENUM_CONVERSION = YES;
				CLANG_WARN_INFINITE_RECURSION = YES;
				CLANG_WARN_INT_CONVERSION = YES;
				CLANG_WARN_NON_LITERAL_NULL_CONVERSION = YES;
				CLANG_WARN_OBJC_IMPLICIT_RETAIN_SELF = YES;
				CLANG_WARN_OBJC_LITERAL_CONVERSION = YES;
				CLANG_WARN_OBJC_ROOT_CLASS = YES_ERROR;
				CLANG_WARN_RANGE_LOOP_ANALYSIS = YES;
				CLANG_WARN_STRICT_PROTOTYPES = YES;
				CLANG_WARN_SUSPICIOUS_MOVE = YES;
				CLANG_WARN_UNGUARDED_AVAILABILITY = YES_AGGRESSIVE;
				CLANG_WARN_UNREACHABLE_CODE = YES;
				CLANG_WARN__DUPLICATE_METHOD_MATCH = YES;
				CODE_SIGN_IDENTITY = "iPhone Developer";
				COPY_PHASE_STRIP = NO;
				DEBUG_INFORMATION_FORMAT = dwarf;
				ENABLE_STRICT_OBJC_MSGSEND = YES;
				ENABLE_TESTABILITY = YES;
				GCC_C_LANGUAGE_STANDARD = gnu11;
				GCC_DYNAMIC_NO_PIC = NO;
				GCC_NO_COMMON_BLOCKS = YES;
				GCC_OPTIMIZATION_LEVEL = 0;
				GCC_PREPROCESSOR_DEFINITIONS = (
					"DEBUG=1",
					"$(inherited)",
				);
				GCC_WARN_64_TO_32_BIT_CONVERSION = YES;
				GCC_WARN_ABOUT_RETURN_TYPE = YES_ERROR;
				GCC_WARN_UNDECLARED_SELECTOR = YES;
				GCC_WARN_UNINITIALIZED_AUTOS = YES_AGGRESSIVE;
				GCC_WARN_UNUSED_FUNCTION = YES;
				GCC_WARN_UNUSED_VARIABLE = YES;
				IPHONEOS_DEPLOYMENT_TARGET = 12.1;
				MTL_ENABLE_DEBUG_INFO = INCLUDE_SOURCE;
				MTL_FAST_MATH = YES;
				ONLY_ACTIVE_ARCH = YES;
				SDKROOT = iphoneos;
				SWIFT_ACTIVE_COMPILATION_CONDITIONS = DEBUG;
				SWIFT_OPTIMIZATION_LEVEL = "-Onone";
			};
			name = Debug;
		};
		E0A7F3A3233813110038E55A /* Release */ = {
			isa = XCBuildConfiguration;
			buildSettings = {
				ALWAYS_SEARCH_USER_PATHS = NO;
				CLANG_ANALYZER_NONNULL = YES;
				CLANG_ANALYZER_NUMBER_OBJECT_CONVERSION = YES_AGGRESSIVE;
				CLANG_CXX_LANGUAGE_STANDARD = "gnu++14";
				CLANG_CXX_LIBRARY = "libc++";
				CLANG_ENABLE_MODULES = YES;
				CLANG_ENABLE_OBJC_ARC = YES;
				CLANG_ENABLE_OBJC_WEAK = YES;
				CLANG_WARN_BLOCK_CAPTURE_AUTORELEASING = YES;
				CLANG_WARN_BOOL_CONVERSION = YES;
				CLANG_WARN_COMMA = YES;
				CLANG_WARN_CONSTANT_CONVERSION = YES;
				CLANG_WARN_DEPRECATED_OBJC_IMPLEMENTATIONS = YES;
				CLANG_WARN_DIRECT_OBJC_ISA_USAGE = YES_ERROR;
				CLANG_WARN_DOCUMENTATION_COMMENTS = YES;
				CLANG_WARN_EMPTY_BODY = YES;
				CLANG_WARN_ENUM_CONVERSION = YES;
				CLANG_WARN_INFINITE_RECURSION = YES;
				CLANG_WARN_INT_CONVERSION = YES;
				CLANG_WARN_NON_LITERAL_NULL_CONVERSION = YES;
				CLANG_WARN_OBJC_IMPLICIT_RETAIN_SELF = YES;
				CLANG_WARN_OBJC_LITERAL_CONVERSION = YES;
				CLANG_WARN_OBJC_ROOT_CLASS = YES_ERROR;
				CLANG_WARN_RANGE_LOOP_ANALYSIS = YES;
				CLANG_WARN_STRICT_PROTOTYPES = YES;
				CLANG_WARN_SUSPICIOUS_MOVE = YES;
				CLANG_WARN_UNGUARDED_AVAILABILITY = YES_AGGRESSIVE;
				CLANG_WARN_UNREACHABLE_CODE = YES;
				CLANG_WARN__DUPLICATE_METHOD_MATCH = YES;
				CODE_SIGN_IDENTITY = "iPhone Developer";
				COPY_PHASE_STRIP = NO;
				DEBUG_INFORMATION_FORMAT = "dwarf-with-dsym";
				ENABLE_NS_ASSERTIONS = NO;
				ENABLE_STRICT_OBJC_MSGSEND = YES;
				GCC_C_LANGUAGE_STANDARD = gnu11;
				GCC_NO_COMMON_BLOCKS = YES;
				GCC_WARN_64_TO_32_BIT_CONVERSION = YES;
				GCC_WARN_ABOUT_RETURN_TYPE = YES_ERROR;
				GCC_WARN_UNDECLARED_SELECTOR = YES;
				GCC_WARN_UNINITIALIZED_AUTOS = YES_AGGRESSIVE;
				GCC_WARN_UNUSED_FUNCTION = YES;
				GCC_WARN_UNUSED_VARIABLE = YES;
				IPHONEOS_DEPLOYMENT_TARGET = 12.1;
				MTL_ENABLE_DEBUG_INFO = NO;
				MTL_FAST_MATH = YES;
				SDKROOT = iphoneos;
				SWIFT_COMPILATION_MODE = wholemodule;
				SWIFT_OPTIMIZATION_LEVEL = "-O";
				VALIDATE_PRODUCT = YES;
			};
			name = Release;
		};
		E0A7F3A5233813110038E55A /* Debug */ = {
			isa = XCBuildConfiguration;
			buildSettings = {
				ASSETCATALOG_COMPILER_APPICON_NAME = AppIcon;
				CODE_SIGN_STYLE = Automatic;
				DEVELOPMENT_TEAM = "";
				INFOPLIST_FILE = "$(SRCROOT)/ChoreTracker/Resources/Info.plist";
				LD_RUNPATH_SEARCH_PATHS = (
					"$(inherited)",
					"@executable_path/Frameworks",
				);
				PRODUCT_BUNDLE_IDENTIFIER = com.lambda.ChoreTracker;
				PRODUCT_NAME = "$(TARGET_NAME)";
				SWIFT_VERSION = 4.2;
				TARGETED_DEVICE_FAMILY = "1,2";
			};
			name = Debug;
		};
		E0A7F3A6233813110038E55A /* Release */ = {
			isa = XCBuildConfiguration;
			buildSettings = {
				ASSETCATALOG_COMPILER_APPICON_NAME = AppIcon;
				CODE_SIGN_STYLE = Automatic;
				DEVELOPMENT_TEAM = "";
				INFOPLIST_FILE = "$(SRCROOT)/ChoreTracker/Resources/Info.plist";
				LD_RUNPATH_SEARCH_PATHS = (
					"$(inherited)",
					"@executable_path/Frameworks",
				);
				PRODUCT_BUNDLE_IDENTIFIER = com.lambda.ChoreTracker;
				PRODUCT_NAME = "$(TARGET_NAME)";
				SWIFT_VERSION = 4.2;
				TARGETED_DEVICE_FAMILY = "1,2";
			};
			name = Release;
		};
/* End XCBuildConfiguration section */

/* Begin XCConfigurationList section */
		E0A7F38D2338130E0038E55A /* Build configuration list for PBXProject "ChoreTracker" */ = {
			isa = XCConfigurationList;
			buildConfigurations = (
				E0A7F3A2233813110038E55A /* Debug */,
				E0A7F3A3233813110038E55A /* Release */,
			);
			defaultConfigurationIsVisible = 0;
			defaultConfigurationName = Release;
		};
		E0A7F3A4233813110038E55A /* Build configuration list for PBXNativeTarget "ChoreTracker" */ = {
			isa = XCConfigurationList;
			buildConfigurations = (
				E0A7F3A5233813110038E55A /* Debug */,
				E0A7F3A6233813110038E55A /* Release */,
			);
			defaultConfigurationIsVisible = 0;
			defaultConfigurationName = Release;
		};
/* End XCConfigurationList section */

/* Begin XCVersionGroup section */
		E0A7F3AD233813BD0038E55A /* ChoreTracker.xcdatamodeld */ = {
			isa = XCVersionGroup;
			children = (
				E0A7F3AE233813BD0038E55A /* ChoreTracker.xcdatamodel */,
			);
			currentVersion = E0A7F3AE233813BD0038E55A /* ChoreTracker.xcdatamodel */;
			path = ChoreTracker.xcdatamodeld;
			sourceTree = "<group>";
			versionGroupType = wrapper.xcdatamodel;
		};
/* End XCVersionGroup section */
	};
	rootObject = E0A7F38A2338130E0038E55A /* Project object */;
}
